// !$*UTF8*$!
{
	archiveVersion = 1;
	classes = {
	};
	objectVersion = 50;
	objects = {

/* Begin PBXBuildFile section */
		5DAD26712100381300A2E90B /* IMMessage.proto in Resources */ = {isa = PBXBuildFile; fileRef = 5DAD26702100381300A2E90B /* IMMessage.proto */; };
		5DAD26732100718300A2E90B /* Immessage.proto.swift in Sources */ = {isa = PBXBuildFile; fileRef = 5DAD26722100718300A2E90B /* Immessage.proto.swift */; };
		5DC8526B209AFA3C00880432 /* AppDelegate.swift in Sources */ = {isa = PBXBuildFile; fileRef = 5DC8526A209AFA3C00880432 /* AppDelegate.swift */; };
		5DC8526D209AFA3C00880432 /* ViewController.swift in Sources */ = {isa = PBXBuildFile; fileRef = 5DC8526C209AFA3C00880432 /* ViewController.swift */; };
		5DC85270209AFA3C00880432 /* Main.storyboard in Resources */ = {isa = PBXBuildFile; fileRef = 5DC8526E209AFA3C00880432 /* Main.storyboard */; };
		5DC85272209AFA3D00880432 /* Assets.xcassets in Resources */ = {isa = PBXBuildFile; fileRef = 5DC85271209AFA3D00880432 /* Assets.xcassets */; };
		5DC85275209AFA3D00880432 /* LaunchScreen.storyboard in Resources */ = {isa = PBXBuildFile; fileRef = 5DC85273209AFA3D00880432 /* LaunchScreen.storyboard */; };
		5DC85282209AFA5C00880432 /* yudpsocket.c in Sources */ = {isa = PBXBuildFile; fileRef = 5DC8527D209AFA5C00880432 /* yudpsocket.c */; };
		5DC85283209AFA5C00880432 /* yudpsocket.swift in Sources */ = {isa = PBXBuildFile; fileRef = 5DC8527E209AFA5C00880432 /* yudpsocket.swift */; };
		5DC85284209AFA5C00880432 /* ytcpsocket.c in Sources */ = {isa = PBXBuildFile; fileRef = 5DC8527F209AFA5C00880432 /* ytcpsocket.c */; };
		5DC85285209AFA5C00880432 /* ysocket.swift in Sources */ = {isa = PBXBuildFile; fileRef = 5DC85280209AFA5C00880432 /* ysocket.swift */; };
		5DC85286209AFA5C00880432 /* ytcpsocket.swift in Sources */ = {isa = PBXBuildFile; fileRef = 5DC85281209AFA5C00880432 /* ytcpsocket.swift */; };
		5DC85289209AFA9900880432 /* HYSocket.swift in Sources */ = {isa = PBXBuildFile; fileRef = 5DC85288209AFA9900880432 /* HYSocket.swift */; };
		EF1D066C0F72C092946616B5 /* Pods_Client.framework in Frameworks */ = {isa = PBXBuildFile; fileRef = F5093804095E4A13D60C0401 /* Pods_Client.framework */; };
/* End PBXBuildFile section */

/* Begin PBXFileReference section */
		5DAD26702100381300A2E90B /* IMMessage.proto */ = {isa = PBXFileReference; lastKnownFileType = text; path = IMMessage.proto; sourceTree = "<group>"; };
		5DAD26722100718300A2E90B /* Immessage.proto.swift */ = {isa = PBXFileReference; fileEncoding = 4; lastKnownFileType = sourcecode.swift; path = Immessage.proto.swift; sourceTree = "<group>"; };
		5DC85267209AFA3C00880432 /* Client.app */ = {isa = PBXFileReference; explicitFileType = wrapper.application; includeInIndex = 0; path = Client.app; sourceTree = BUILT_PRODUCTS_DIR; };
		5DC8526A209AFA3C00880432 /* AppDelegate.swift */ = {isa = PBXFileReference; lastKnownFileType = sourcecode.swift; path = AppDelegate.swift; sourceTree = "<group>"; };
		5DC8526C209AFA3C00880432 /* ViewController.swift */ = {isa = PBXFileReference; lastKnownFileType = sourcecode.swift; path = ViewController.swift; sourceTree = "<group>"; };
		5DC8526F209AFA3C00880432 /* Base */ = {isa = PBXFileReference; lastKnownFileType = file.storyboard; name = Base; path = Base.lproj/Main.storyboard; sourceTree = "<group>"; };
		5DC85271209AFA3D00880432 /* Assets.xcassets */ = {isa = PBXFileReference; lastKnownFileType = folder.assetcatalog; path = Assets.xcassets; sourceTree = "<group>"; };
		5DC85274209AFA3D00880432 /* Base */ = {isa = PBXFileReference; lastKnownFileType = file.storyboard; name = Base; path = Base.lproj/LaunchScreen.storyboard; sourceTree = "<group>"; };
		5DC85276209AFA3D00880432 /* Info.plist */ = {isa = PBXFileReference; lastKnownFileType = text.plist.xml; path = Info.plist; sourceTree = "<group>"; };
		5DC8527D209AFA5C00880432 /* yudpsocket.c */ = {isa = PBXFileReference; fileEncoding = 4; lastKnownFileType = sourcecode.c.c; path = yudpsocket.c; sourceTree = "<group>"; };
		5DC8527E209AFA5C00880432 /* yudpsocket.swift */ = {isa = PBXFileReference; fileEncoding = 4; lastKnownFileType = sourcecode.swift; path = yudpsocket.swift; sourceTree = "<group>"; };
		5DC8527F209AFA5C00880432 /* ytcpsocket.c */ = {isa = PBXFileReference; fileEncoding = 4; lastKnownFileType = sourcecode.c.c; path = ytcpsocket.c; sourceTree = "<group>"; };
		5DC85280209AFA5C00880432 /* ysocket.swift */ = {isa = PBXFileReference; fileEncoding = 4; lastKnownFileType = sourcecode.swift; path = ysocket.swift; sourceTree = "<group>"; };
		5DC85281209AFA5C00880432 /* ytcpsocket.swift */ = {isa = PBXFileReference; fileEncoding = 4; lastKnownFileType = sourcecode.swift; path = ytcpsocket.swift; sourceTree = "<group>"; };
		5DC85288209AFA9900880432 /* HYSocket.swift */ = {isa = PBXFileReference; lastKnownFileType = sourcecode.swift; path = HYSocket.swift; sourceTree = "<group>"; };
		A89AEA24E50018305EE5EE05 /* Pods-Client.release.xcconfig */ = {isa = PBXFileReference; includeInIndex = 1; lastKnownFileType = text.xcconfig; name = "Pods-Client.release.xcconfig"; path = "Pods/Target Support Files/Pods-Client/Pods-Client.release.xcconfig"; sourceTree = "<group>"; };
		BDB3772C2EF19923D32A3366 /* Pods-Client.debug.xcconfig */ = {isa = PBXFileReference; includeInIndex = 1; lastKnownFileType = text.xcconfig; name = "Pods-Client.debug.xcconfig"; path = "Pods/Target Support Files/Pods-Client/Pods-Client.debug.xcconfig"; sourceTree = "<group>"; };
		F5093804095E4A13D60C0401 /* Pods_Client.framework */ = {isa = PBXFileReference; explicitFileType = wrapper.framework; includeInIndex = 0; path = Pods_Client.framework; sourceTree = BUILT_PRODUCTS_DIR; };
/* End PBXFileReference section */

/* Begin PBXFrameworksBuildPhase section */
		5DC85264209AFA3C00880432 /* Frameworks */ = {
			isa = PBXFrameworksBuildPhase;
			buildActionMask = 2147483647;
			files = (
				EF1D066C0F72C092946616B5 /* Pods_Client.framework in Frameworks */,
			);
			runOnlyForDeploymentPostprocessing = 0;
		};
/* End PBXFrameworksBuildPhase section */

/* Begin PBXGroup section */
		4CCD773A83910F66E967DAB4 /* Frameworks */ = {
			isa = PBXGroup;
			children = (
				F5093804095E4A13D60C0401 /* Pods_Client.framework */,
			);
			name = Frameworks;
			sourceTree = "<group>";
		};
		5DC8525E209AFA3C00880432 = {
			isa = PBXGroup;
			children = (
				5DC85269209AFA3C00880432 /* Client */,
				5DC85268209AFA3C00880432 /* Products */,
				B3F8A6476E27F3AC9D3E0E1D /* Pods */,
				4CCD773A83910F66E967DAB4 /* Frameworks */,
			);
			sourceTree = "<group>";
		};
		5DC85268209AFA3C00880432 /* Products */ = {
			isa = PBXGroup;
			children = (
				5DC85267209AFA3C00880432 /* Client.app */,
			);
			name = Products;
			sourceTree = "<group>";
		};
		5DC85269209AFA3C00880432 /* Client */ = {
			isa = PBXGroup;
			children = (
				5DC85287209AFA7C00880432 /* HYSocket */,
				5DC8526A209AFA3C00880432 /* AppDelegate.swift */,
				5DC8526C209AFA3C00880432 /* ViewController.swift */,
				5DC8526E209AFA3C00880432 /* Main.storyboard */,
				5DC85271209AFA3D00880432 /* Assets.xcassets */,
				5DC85273209AFA3D00880432 /* LaunchScreen.storyboard */,
				5DC85276209AFA3D00880432 /* Info.plist */,
				5DAD26702100381300A2E90B /* IMMessage.proto */,
				5DAD26722100718300A2E90B /* Immessage.proto.swift */,
			);
			path = Client;
			sourceTree = "<group>";
		};
		5DC8527C209AFA5C00880432 /* ysocket */ = {
			isa = PBXGroup;
			children = (
				5DC8527D209AFA5C00880432 /* yudpsocket.c */,
				5DC8527E209AFA5C00880432 /* yudpsocket.swift */,
				5DC8527F209AFA5C00880432 /* ytcpsocket.c */,
				5DC85280209AFA5C00880432 /* ysocket.swift */,
				5DC85281209AFA5C00880432 /* ytcpsocket.swift */,
			);
			path = ysocket;
			sourceTree = "<group>";
		};
		5DC85287209AFA7C00880432 /* HYSocket */ = {
			isa = PBXGroup;
			children = (
				5DC8527C209AFA5C00880432 /* ysocket */,
				5DC85288209AFA9900880432 /* HYSocket.swift */,
			);
			path = HYSocket;
			sourceTree = "<group>";
		};
		B3F8A6476E27F3AC9D3E0E1D /* Pods */ = {
			isa = PBXGroup;
			children = (
				BDB3772C2EF19923D32A3366 /* Pods-Client.debug.xcconfig */,
				A89AEA24E50018305EE5EE05 /* Pods-Client.release.xcconfig */,
			);
			name = Pods;
			sourceTree = "<group>";
		};
/* End PBXGroup section */

/* Begin PBXNativeTarget section */
		5DC85266209AFA3C00880432 /* Client */ = {
			isa = PBXNativeTarget;
			buildConfigurationList = 5DC85279209AFA3D00880432 /* Build configuration list for PBXNativeTarget "Client" */;
			buildPhases = (
				A507AD4CD6BEB40937EA86C2 /* [CP] Check Pods Manifest.lock */,
				5DC85263209AFA3C00880432 /* Sources */,
				5DC85264209AFA3C00880432 /* Frameworks */,
				5DC85265209AFA3C00880432 /* Resources */,
				BEEB5B04DDE27943B495648A /* [CP] Embed Pods Frameworks */,
			);
			buildRules = (
			);
			dependencies = (
			);
			name = Client;
			productName = Client;
			productReference = 5DC85267209AFA3C00880432 /* Client.app */;
			productType = "com.apple.product-type.application";
		};
/* End PBXNativeTarget section */

/* Begin PBXProject section */
		5DC8525F209AFA3C00880432 /* Project object */ = {
			isa = PBXProject;
			attributes = {
				LastSwiftUpdateCheck = 0930;
				LastUpgradeCheck = 0930;
				ORGANIZATIONNAME = JackXu;
				TargetAttributes = {
					5DC85266209AFA3C00880432 = {
						CreatedOnToolsVersion = 9.3;
					};
				};
			};
			buildConfigurationList = 5DC85262209AFA3C00880432 /* Build configuration list for PBXProject "Client" */;
			compatibilityVersion = "Xcode 9.3";
			developmentRegion = en;
			hasScannedForEncodings = 0;
			knownRegions = (
				en,
				Base,
			);
			mainGroup = 5DC8525E209AFA3C00880432;
			productRefGroup = 5DC85268209AFA3C00880432 /* Products */;
			projectDirPath = "";
			projectRoot = "";
			targets = (
				5DC85266209AFA3C00880432 /* Client */,
			);
		};
/* End PBXProject section */

/* Begin PBXResourcesBuildPhase section */
		5DC85265209AFA3C00880432 /* Resources */ = {
			isa = PBXResourcesBuildPhase;
			buildActionMask = 2147483647;
			files = (
				5DAD26712100381300A2E90B /* IMMessage.proto in Resources */,
				5DC85275209AFA3D00880432 /* LaunchScreen.storyboard in Resources */,
				5DC85272209AFA3D00880432 /* Assets.xcassets in Resources */,
				5DC85270209AFA3C00880432 /* Main.storyboard in Resources */,
			);
			runOnlyForDeploymentPostprocessing = 0;
		};
/* End PBXResourcesBuildPhase section */

/* Begin PBXShellScriptBuildPhase section */
		A507AD4CD6BEB40937EA86C2 /* [CP] Check Pods Manifest.lock */ = {
			isa = PBXShellScriptBuildPhase;
			buildActionMask = 2147483647;
			files = (
			);
			inputPaths = (
				"${PODS_PODFILE_DIR_PATH}/Podfile.lock",
				"${PODS_ROOT}/Manifest.lock",
			);
			name = "[CP] Check Pods Manifest.lock";
			outputPaths = (
				"$(DERIVED_FILE_DIR)/Pods-Client-checkManifestLockResult.txt",
			);
			runOnlyForDeploymentPostprocessing = 0;
			shellPath = /bin/sh;
			shellScript = "diff \"${PODS_PODFILE_DIR_PATH}/Podfile.lock\" \"${PODS_ROOT}/Manifest.lock\" > /dev/null\nif [ $? != 0 ] ; then\n    # print error to STDERR\n    echo \"error: The sandbox is not in sync with the Podfile.lock. Run 'pod install' or update your CocoaPods installation.\" >&2\n    exit 1\nfi\n# This output is used by Xcode 'outputs' to avoid re-running this script phase.\necho \"SUCCESS\" > \"${SCRIPT_OUTPUT_FILE_0}\"\n";
			showEnvVarsInLog = 0;
		};
		BEEB5B04DDE27943B495648A /* [CP] Embed Pods Frameworks */ = {
			isa = PBXShellScriptBuildPhase;
			buildActionMask = 2147483647;
			files = (
			);
			inputPaths = (
				"${SRCROOT}/Pods/Target Support Files/Pods-Client/Pods-Client-frameworks.sh",
				"${BUILT_PRODUCTS_DIR}/ProtocolBuffers-Swift/ProtocolBuffers.framework",
			);
			name = "[CP] Embed Pods Frameworks";
			outputPaths = (
				"${TARGET_BUILD_DIR}/${FRAMEWORKS_FOLDER_PATH}/ProtocolBuffers.framework",
			);
			runOnlyForDeploymentPostprocessing = 0;
			shellPath = /bin/sh;
			shellScript = "\"${SRCROOT}/Pods/Target Support Files/Pods-Client/Pods-Client-frameworks.sh\"\n";
			showEnvVarsInLog = 0;
		};
/* End PBXShellScriptBuildPhase section */

/* Begin PBXSourcesBuildPhase section */
		5DC85263209AFA3C00880432 /* Sources */ = {
			isa = PBXSourcesBuildPhase;
			buildActionMask = 2147483647;
			files = (
				5DC85285209AFA5C00880432 /* ysocket.swift in Sources */,
				5DC8526D209AFA3C00880432 /* ViewController.swift in Sources */,
				5DC8526B209AFA3C00880432 /* AppDelegate.swift in Sources */,
				5DC85289209AFA9900880432 /* HYSocket.swift in Sources */,
				5DC85283209AFA5C00880432 /* yudpsocket.swift in Sources */,
				5DC85282209AFA5C00880432 /* yudpsocket.c in Sources */,
				5DC85286209AFA5C00880432 /* ytcpsocket.swift in Sources */,
				5DC85284209AFA5C00880432 /* ytcpsocket.c in Sources */,
				5DAD26732100718300A2E90B /* Immessage.proto.swift in Sources */,
			);
			runOnlyForDeploymentPostprocessing = 0;
		};
/* End PBXSourcesBuildPhase section */

/* Begin PBXVariantGroup section */
		5DC8526E209AFA3C00880432 /* Main.storyboard */ = {
			isa = PBXVariantGroup;
			children = (
				5DC8526F209AFA3C00880432 /* Base */,
			);
			name = Main.storyboard;
			sourceTree = "<group>";
		};
		5DC85273209AFA3D00880432 /* LaunchScreen.storyboard */ = {
			isa = PBXVariantGroup;
			children = (
				5DC85274209AFA3D00880432 /* Base */,
			);
			name = LaunchScreen.storyboard;
			sourceTree = "<group>";
		};
/* End PBXVariantGroup section */

/* Begin XCBuildConfiguration section */
		5DC85277209AFA3D00880432 /* Debug */ = {
			isa = XCBuildConfiguration;
			buildSettings = {
				ALWAYS_SEARCH_USER_PATHS = NO;
				CLANG_ANALYZER_NONNULL = YES;
				CLANG_ANALYZER_NUMBER_OBJECT_CONVERSION = YES_AGGRESSIVE;
				CLANG_CXX_LANGUAGE_STANDARD = "gnu++14";
				CLANG_CXX_LIBRARY = "libc++";
				CLANG_ENABLE_MODULES = YES;
				CLANG_ENABLE_OBJC_ARC = YES;
				CLANG_ENABLE_OBJC_WEAK = YES;
				CLANG_WARN_BLOCK_CAPTURE_AUTORELEASING = YES;
				CLANG_WARN_BOOL_CONVERSION = YES;
				CLANG_WARN_COMMA = YES;
				CLANG_WARN_CONSTANT_CONVERSION = YES;
				CLANG_WARN_DEPRECATED_OBJC_IMPLEMENTATIONS = YES;
				CLANG_WARN_DIRECT_OBJC_ISA_USAGE = YES_ERROR;
				CLANG_WARN_DOCUMENTATION_COMMENTS = YES;
				CLANG_WARN_EMPTY_BODY = YES;
				CLANG_WARN_ENUM_CONVERSION = YES;
				CLANG_WARN_INFINITE_RECURSION = YES;
				CLANG_WARN_INT_CONVERSION = YES;
				CLANG_WARN_NON_LITERAL_NULL_CONVERSION = YES;
				CLANG_WARN_OBJC_IMPLICIT_RETAIN_SELF = YES;
				CLANG_WARN_OBJC_LITERAL_CONVERSION = YES;
				CLANG_WARN_OBJC_ROOT_CLASS = YES_ERROR;
				CLANG_WARN_RANGE_LOOP_ANALYSIS = YES;
				CLANG_WARN_STRICT_PROTOTYPES = YES;
				CLANG_WARN_SUSPICIOUS_MOVE = YES;
				CLANG_WARN_UNGUARDED_AVAILABILITY = YES_AGGRESSIVE;
				CLANG_WARN_UNREACHABLE_CODE = YES;
				CLANG_WARN__DUPLICATE_METHOD_MATCH = YES;
				CODE_SIGN_IDENTITY = "iPhone Developer";
				COPY_PHASE_STRIP = NO;
				DEBUG_INFORMATION_FORMAT = dwarf;
				ENABLE_STRICT_OBJC_MSGSEND = YES;
				ENABLE_TESTABILITY = YES;
				GCC_C_LANGUAGE_STANDARD = gnu11;
				GCC_DYNAMIC_NO_PIC = NO;
				GCC_NO_COMMON_BLOCKS = YES;
				GCC_OPTIMIZATION_LEVEL = 0;
				GCC_PREPROCESSOR_DEFINITIONS = (
					"DEBUG=1",
					"$(inherited)",
				);
				GCC_WARN_64_TO_32_BIT_CONVERSION = YES;
				GCC_WARN_ABOUT_RETURN_TYPE = YES_ERROR;
				GCC_WARN_UNDECLARED_SELECTOR = YES;
				GCC_WARN_UNINITIALIZED_AUTOS = YES_AGGRESSIVE;
				GCC_WARN_UNUSED_FUNCTION = YES;
				GCC_WARN_UNUSED_VARIABLE = YES;
				IPHONEOS_DEPLOYMENT_TARGET = 11.3;
				MTL_ENABLE_DEBUG_INFO = YES;
				ONLY_ACTIVE_ARCH = YES;
				SDKROOT = iphoneos;
				SWIFT_ACTIVE_COMPILATION_CONDITIONS = DEBUG;
				SWIFT_OPTIMIZATION_LEVEL = "-Onone";
			};
			name = Debug;
		};
		5DC85278209AFA3D00880432 /* Release */ = {
			isa = XCBuildConfiguration;
			buildSettings = {
				ALWAYS_SEARCH_USER_PATHS = NO;
				CLANG_ANALYZER_NONNULL = YES;
				CLANG_ANALYZER_NUMBER_OBJECT_CONVERSION = YES_AGGRESSIVE;
				CLANG_CXX_LANGUAGE_STANDARD = "gnu++14";
				CLANG_CXX_LIBRARY = "libc++";
				CLANG_ENABLE_MODULES = YES;
				CLANG_ENABLE_OBJC_ARC = YES;
				CLANG_ENABLE_OBJC_WEAK = YES;
				CLANG_WARN_BLOCK_CAPTURE_AUTORELEASING = YES;
				CLANG_WARN_BOOL_CONVERSION = YES;
				CLANG_WARN_COMMA = YES;
				CLANG_WARN_CONSTANT_CONVERSION = YES;
				CLANG_WARN_DEPRECATED_OBJC_IMPLEMENTATIONS = YES;
				CLANG_WARN_DIRECT_OBJC_ISA_USAGE = YES_ERROR;
				CLANG_WARN_DOCUMENTATION_COMMENTS = YES;
				CLANG_WARN_EMPTY_BODY = YES;
				CLANG_WARN_ENUM_CONVERSION = YES;
				CLANG_WARN_INFINITE_RECURSION = YES;
				CLANG_WARN_INT_CONVERSION = YES;
				CLANG_WARN_NON_LITERAL_NULL_CONVERSION = YES;
				CLANG_WARN_OBJC_IMPLICIT_RETAIN_SELF = YES;
				CLANG_WARN_OBJC_LITERAL_CONVERSION = YES;
				CLANG_WARN_OBJC_ROOT_CLASS = YES_ERROR;
				CLANG_WARN_RANGE_LOOP_ANALYSIS = YES;
				CLANG_WARN_STRICT_PROTOTYPES = YES;
				CLANG_WARN_SUSPICIOUS_MOVE = YES;
				CLANG_WARN_UNGUARDED_AVAILABILITY = YES_AGGRESSIVE;
				CLANG_WARN_UNREACHABLE_CODE = YES;
				CLANG_WARN__DUPLICATE_METHOD_MATCH = YES;
				CODE_SIGN_IDENTITY = "iPhone Developer";
				COPY_PHASE_STRIP = NO;
				DEBUG_INFORMATION_FORMAT = "dwarf-with-dsym";
				ENABLE_NS_ASSERTIONS = NO;
				ENABLE_STRICT_OBJC_MSGSEND = YES;
				GCC_C_LANGUAGE_STANDARD = gnu11;
				GCC_NO_COMMON_BLOCKS = YES;
				GCC_WARN_64_TO_32_BIT_CONVERSION = YES;
				GCC_WARN_ABOUT_RETURN_TYPE = YES_ERROR;
				GCC_WARN_UNDECLARED_SELECTOR = YES;
				GCC_WARN_UNINITIALIZED_AUTOS = YES_AGGRESSIVE;
				GCC_WARN_UNUSED_FUNCTION = YES;
				GCC_WARN_UNUSED_VARIABLE = YES;
				IPHONEOS_DEPLOYMENT_TARGET = 11.3;
				MTL_ENABLE_DEBUG_INFO = NO;
				SDKROOT = iphoneos;
				SWIFT_COMPILATION_MODE = wholemodule;
				SWIFT_OPTIMIZATION_LEVEL = "-O";
				VALIDATE_PRODUCT = YES;
			};
			name = Release;
		};
		5DC8527A209AFA3D00880432 /* Debug */ = {
			isa = XCBuildConfiguration;
			baseConfigurationReference = BDB3772C2EF19923D32A3366 /* Pods-Client.debug.xcconfig */;
			buildSettings = {
				ASSETCATALOG_COMPILER_APPICON_NAME = AppIcon;
				CODE_SIGN_STYLE = Automatic;
				DEVELOPMENT_TEAM = 47HD5S74D3;
				GCC_C_LANGUAGE_STANDARD = gnu11;
				INFOPLIST_FILE = Client/Info.plist;
				LD_RUNPATH_SEARCH_PATHS = (
					"$(inherited)",
					"@executable_path/Frameworks",
				);
				PRODUCT_BUNDLE_IDENTIFIER = co.hunyu.Client;
				PRODUCT_NAME = "$(TARGET_NAME)";
				SWIFT_VERSION = 4.0;
				TARGETED_DEVICE_FAMILY = "1,2";
			};
			name = Debug;
		};
		5DC8527B209AFA3D00880432 /* Release */ = {
			isa = XCBuildConfiguration;
			baseConfigurationReference = A89AEA24E50018305EE5EE05 /* Pods-Client.release.xcconfig */;
			buildSettings = {
				ASSETCATALOG_COMPILER_APPICON_NAME = AppIcon;
				CODE_SIGN_STYLE = Automatic;
				DEVELOPMENT_TEAM = 47HD5S74D3;
				GCC_C_LANGUAGE_STANDARD = gnu11;
				INFOPLIST_FILE = Client/Info.plist;
				LD_RUNPATH_SEARCH_PATHS = (
					"$(inherited)",
					"@executable_path/Frameworks",
				);
				PRODUCT_BUNDLE_IDENTIFIER = co.hunyu.Client;
				PRODUCT_NAME = "$(TARGET_NAME)";
				SWIFT_VERSION = 4.0;
				TARGETED_DEVICE_FAMILY = "1,2";
			};
			name = Release;
		};
/* End XCBuildConfiguration section */

/* Begin XCConfigurationList section */
		5DC85262209AFA3C00880432 /* Build configuration list for PBXProject "Client" */ = {
			isa = XCConfigurationList;
			buildConfigurations = (
				5DC85277209AFA3D00880432 /* Debug */,
				5DC85278209AFA3D00880432 /* Release */,
			);
			defaultConfigurationIsVisible = 0;
			defaultConfigurationName = Release;
		};
		5DC85279209AFA3D00880432 /* Build configuration list for PBXNativeTarget "Client" */ = {
			isa = XCConfigurationList;
			buildConfigurations = (
				5DC8527A209AFA3D00880432 /* Debug */,
				5DC8527B209AFA3D00880432 /* Release */,
			);
			defaultConfigurationIsVisible = 0;
			defaultConfigurationName = Release;
		};
/* End XCConfigurationList section */
	};
	rootObject = 5DC8525F209AFA3C00880432 /* Project object */;
}
